
Microsoft Visual Studio Solution File, Format Version 12.00
# Visual Studio Version 17
VisualStudioVersion = 17.9.34622.214
MinimumVisualStudioVersion = 10.0.40219.1
Project("{9A19103F-16F7-4668-BE54-9A1E7A4F7556}") = "API gateway", "API gateway\API gateway.csproj", "{9FB9361E-E9EB-416C-9CBD-11D0DF19897E}"
EndProject
Global
	GlobalSection(SolutionConfigurationPlatforms) = preSolution
		Debug|Any CPU = Debug|Any CPU
		Release|Any CPU = Release|Any CPU
	EndGlobalSection
	GlobalSection(ProjectConfigurationPlatforms) = postSolution
		{9FB9361E-E9EB-416C-9CBD-11D0DF19897E}.Debug|Any CPU.ActiveCfg = Debug|Any CPU
		{9FB9361E-E9EB-416C-9CBD-11D0DF19897E}.Debug|Any CPU.Build.0 = Debug|Any CPU
		{9FB9361E-E9EB-416C-9CBD-11D0DF19897E}.Release|Any CPU.ActiveCfg = Release|Any CPU
		{9FB9361E-E9EB-416C-9CBD-11D0DF19897E}.Release|Any CPU.Build.0 = Release|Any CPU
	EndGlobalSection
	GlobalSection(SolutionProperties) = preSolution
		HideSolutionNode = FALSE
	EndGlobalSection
	GlobalSection(ExtensibilityGlobals) = postSolution
		SolutionGuid = {9BD7A641-07BF-4A95-BF20-478E55D13A5C}
	EndGlobalSection
EndGlobal
